<?xml version="1.0" encoding="utf-8"?>
<Project ToolsVersion="4.0" xmlns="http://schemas.microsoft.com/developer/msbuild/2003">
  <ItemGroup>
    <Filter Include="Source Files">
      <UniqueIdentifier>{4FC737F1-C7A5-4376-A066-2A32D752A2FF}</UniqueIdentifier>
      <Extensions>cpp;c;cc;cxx;c++;cppm;ixx;def;odl;idl;hpj;bat;asm;asmx</Extensions>
    </Filter>
    <Filter Include="Header Files">
      <UniqueIdentifier>{93995380-89BD-4b04-88EB-625FBE52EBFB}</UniqueIdentifier>
      <Extensions>h;hh;hpp;hxx;h++;hm;inl;inc;ipp;xsd</Extensions>
    </Filter>
    <Filter Include="Resource Files">
      <UniqueIdentifier>{67DA6AB6-F800-4c08-8B7A-83BB121AAD01}</UniqueIdentifier>
      <Extensions>rc;ico;cur;bmp;dlg;rc2;rct;bin;rgs;gif;jpg;jpeg;jpe;resx;tiff;tif;png;wav;mfcribbon-ms</Extensions>
    </Filter>
    <Filter Include="ControlPanel">
      <UniqueIdentifier>{ca18e017-3f18-43c4-b9c8-4be182b4b99b}</UniqueIdentifier>
    </Filter>
    <Filter Include="Sensors">
      <UniqueIdentifier>{83f80691-8ba0-46c4-a1d6-105c99a1eb35}</UniqueIdentifier>
    </Filter>
    <Filter Include="Sensors\Door">
      <UniqueIdentifier>{0eb78ca3-cfe3-4050-a748-95907301b615}</UniqueIdentifier>
    </Filter>
    <Filter Include="Sensors\Siren">
      <UniqueIdentifier>{805ba890-0edf-4f40-9f21-3812c80d1e47}</UniqueIdentifier>
    </Filter>
    <Filter Include="Sensors\Smoke">
      <UniqueIdentifier>{7aea98bc-3ca2-456d-b0d9-8d76fe5169d6}</UniqueIdentifier>
    </Filter>
    <Filter Include="Sensors\WindowBroken">
      <UniqueIdentifier>{188c58c6-5f22-47f4-b935-5444b046a7d4}</UniqueIdentifier>
    </Filter>
    <Filter Include="Factory">
      <UniqueIdentifier>{84c8fc96-8a9e-4c10-8776-7e8ad6d794df}</UniqueIdentifier>
    </Filter>
    <Filter Include="Alarm">
      <UniqueIdentifier>{9b9121c3-e4ea-4771-a6d5-86a8e8d1b19f}</UniqueIdentifier>
    </Filter>
    <Filter Include="Alarm\BulglarAlarm">
      <UniqueIdentifier>{faa3ed53-5da4-4d0c-b10c-9aa24c34cca2}</UniqueIdentifier>
    </Filter>
    <Filter Include="Alarm\FierAlarm">
      <UniqueIdentifier>{1a1164f9-556b-40af-89fb-aa472f6ccd84}</UniqueIdentifier>
    </Filter>
    <Filter Include="Alarm\DoorOpenAlarm">
      <UniqueIdentifier>{37e06fae-9e4c-46be-840d-a367c2f35f9b}</UniqueIdentifier>
    </Filter>
    <Filter Include="Observer">
      <UniqueIdentifier>{4f20e070-975f-46cc-87f9-f4302de2ae5a}</UniqueIdentifier>
    </Filter>
    <Filter Include="Alarm\WindowBrokenAlarm">
      <UniqueIdentifier>{c77d29b5-6027-4864-ac0c-73aa5df28419}</UniqueIdentifier>
    </Filter>
    <Filter Include="Logger">
      <UniqueIdentifier>{c7875408-f2e0-45cc-9bf6-d18c9ab6be95}</UniqueIdentifier>
    </Filter>
    <Filter Include="AlarmSystem">
      <UniqueIdentifier>{db534b17-4a0c-4514-b8c9-0b362cdf4a99}</UniqueIdentifier>
    </Filter>
    <Filter Include="Sensors\Motion">
      <UniqueIdentifier>{3af81608-3740-404a-946c-008e587c424f}</UniqueIdentifier>
    </Filter>
    <Filter Include="Alarm\MotionAlarm">
      <UniqueIdentifier>{8d0d31cb-35fb-4830-921d-6aa45015507a}</UniqueIdentifier>
    </Filter>
    <Filter Include="Devices">
      <UniqueIdentifier>{b9f4db71-dc77-46cd-aacd-ab7fdf8be59a}</UniqueIdentifier>
    </Filter>
    <Filter Include="Devices\GUI">
      <UniqueIdentifier>{1a688bc2-2be0-41bc-b378-0887b531d376}</UniqueIdentifier>
    </Filter>
    <Filter Include="Devices\KeyPad">
      <UniqueIdentifier>{66fe9cb9-60c1-4c5e-9389-f21724912122}</UniqueIdentifier>
    </Filter>
  </ItemGroup>
  <ItemGroup>
    <ClCompile Include="..\main.cpp">
      <Filter>Source Files</Filter>
    </ClCompile>
    <ClCompile Include="ControlPanel.cpp">
      <Filter>ControlPanel</Filter>
    </ClCompile>
    <ClCompile Include="Door.cpp">
      <Filter>Sensors\Door</Filter>
    </ClCompile>
    <ClCompile Include="WindowBroken.cpp">
      <Filter>Sensors\WindowBroken</Filter>
    </ClCompile>
    <ClCompile Include="Smoke.cpp">
      <Filter>Sensors\Smoke</Filter>
    </ClCompile>
    <ClCompile Include="Siren.cpp">
      <Filter>Sensors\Siren</Filter>
    </ClCompile>
    <ClCompile Include="SensorFactory.cpp">
      <Filter>Factory</Filter>
    </ClCompile>
    <ClCompile Include="BulglarAlarm.cpp">
      <Filter>Alarm\BulglarAlarm</Filter>
    </ClCompile>
    <ClCompile Include="DoorOpenAlarm.cpp">
      <Filter>Alarm\DoorOpenAlarm</Filter>
    </ClCompile>
    <ClCompile Include="FierAlarm.cpp">
      <Filter>Alarm\FierAlarm</Filter>
    </ClCompile>
    <ClCompile Include="WindowBrokenAlarm.cpp">
      <Filter>Alarm\WindowBrokenAlarm</Filter>
    </ClCompile>
    <ClCompile Include="Logger.cpp">
      <Filter>Logger</Filter>
    </ClCompile>
    <ClCompile Include="AlarmSystem.cpp">
      <Filter>AlarmSystem</Filter>
    </ClCompile>
    <ClCompile Include="Motion.cpp">
      <Filter>Sensors\Motion</Filter>
    </ClCompile>
    <ClCompile Include="MotionAlarm.cpp">
      <Filter>Alarm\MotionAlarm</Filter>
    </ClCompile>
    <ClCompile Include="GUI.cpp">
      <Filter>Devices\GUI</Filter>
    </ClCompile>
    <ClCompile Include="KeyPad.cpp">
      <Filter>Devices\KeyPad</Filter>
    </ClCompile>
  </ItemGroup>
  <ItemGroup>
    <Text Include="HardwareConSens.txt">
      <Filter>Resource Files</Filter>
    </Text>
    <Text Include="VirtualConnectedSensors.txt">
      <Filter>Resource Files</Filter>
    </Text>
    <Text Include="ConnectedEvents.txt">
      <Filter>Resource Files</Filter>
    </Text>
  </ItemGroup>
  <ItemGroup>
    <ClInclude Include="ControlPanel.h">
      <Filter>ControlPanel</Filter>
    </ClInclude>
    <ClInclude Include="ISensor.h">
      <Filter>Sensors</Filter>
    </ClInclude>
    <ClInclude Include="Door.h">
      <Filter>Sensors\Door</Filter>
    </ClInclude>
    <ClInclude Include="WindowBroken.h">
      <Filter>Sensors\WindowBroken</Filter>
    </ClInclude>
    <ClInclude Include="Smoke.h">
      <Filter>Sensors\Smoke</Filter>
    </ClInclude>
    <ClInclude Include="Siren.h">
      <Filter>Sensors\Siren</Filter>
    </ClInclude>
    <ClInclude Include="SensorFactory.h">
      <Filter>Factory</Filter>
    </ClInclude>
    <ClInclude Include="IObserver.h">
      <Filter>Observer</Filter>
    </ClInclude>
    <ClInclude Include="ISubject.h">
      <Filter>Observer</Filter>
    </ClInclude>
    <ClInclude Include="BulglarAlarm.h">
      <Filter>Alarm\BulglarAlarm</Filter>
    </ClInclude>
    <ClInclude Include="DoorOpenAlarm.h">
      <Filter>Alarm\DoorOpenAlarm</Filter>
    </ClInclude>
    <ClInclude Include="FierAlarm.h">
      <Filter>Alarm\FierAlarm</Filter>
    </ClInclude>
    <ClInclude Include="WindowBrokenAlarm.h">
      <Filter>Alarm\WindowBrokenAlarm</Filter>
    </ClInclude>
    <ClInclude Include="Logger.h">
      <Filter>Logger</Filter>
    </ClInclude>
    <ClInclude Include="AlarmSystem.h">
      <Filter>AlarmSystem</Filter>
    </ClInclude>
    <ClInclude Include="Motion.h">
      <Filter>Sensors\Motion</Filter>
    </ClInclude>
    <ClInclude Include="MotionAlarm.h">
      <Filter>Alarm\MotionAlarm</Filter>
    </ClInclude>
    <ClInclude Include="GUI.h">
      <Filter>Devices\GUI</Filter>
    </ClInclude>
    <ClInclude Include="IDevice.h">
      <Filter>Devices</Filter>
    </ClInclude>
    <ClInclude Include="KeyPad.h">
      <Filter>Devices\KeyPad</Filter>
    </ClInclude>
  </ItemGroup>
</Project>